PODS:
  - BarcodeScanner (5.0.0-beta2)

DEPENDENCIES:
  - BarcodeScanner (from `../../`)

EXTERNAL SOURCES:
  BarcodeScanner:
    :path: "../../"

SPEC CHECKSUMS:
  BarcodeScanner: 5f5aa5e18ae564c03b11ae5fd7de5e84cf34f7a4

PODFILE CHECKSUM: 53354530a9dd7342442b8b66c82daa8f2c72e753

COCOAPODS: 1.8.4
